
Microsoft Visual Studio Solution File, Format Version 12.00
# Visual Studio Version 17
VisualStudioVersion = 17.8.34330.188
MinimumVisualStudioVersion = 10.0.40219.1
Project("{FAE04EC0-301F-11D3-BF4B-00C04F79EFBC}") = "SBP_SLN4", "SBP_SLN4.csproj", "{2DD0FF83-7A04-460F-A0D4-51AA891F3EC3}"
EndProject
Global
	GlobalSection(SolutionConfigurationPlatforms) = preSolution
		Debug|Any CPU = Debug|Any CPU
		Release|Any CPU = Release|Any CPU
	EndGlobalSection
	GlobalSection(ProjectConfigurationPlatforms) = postSolution
		{2DD0FF83-7A04-460F-A0D4-51AA891F3EC3}.Debug|Any CPU.ActiveCfg = Debug|Any CPU
		{2DD0FF83-7A04-460F-A0D4-51AA891F3EC3}.Debug|Any CPU.Build.0 = Debug|Any CPU
		{2DD0FF83-7A04-460F-A0D4-51AA891F3EC3}.Release|Any CPU.ActiveCfg = Release|Any CPU
		{2DD0FF83-7A04-460F-A0D4-51AA891F3EC3}.Release|Any CPU.Build.0 = Release|Any CPU
	EndGlobalSection
	GlobalSection(SolutionProperties) = preSolution
		HideSolutionNode = FALSE
	EndGlobalSection
	GlobalSection(ExtensibilityGlobals) = postSolution
		SolutionGuid = {175DCB8A-D1E7-45DE-AF05-41918944E5CC}
	EndGlobalSection
EndGlobal
